
Microsoft Visual Studio Solution File, Format Version 12.00
# Visual Studio Version 17
VisualStudioVersion = 17.9.34607.119
MinimumVisualStudioVersion = 10.0.40219.1
Project("{9A19103F-16F7-4668-BE54-9A1E7A4F7556}") = "ApplicationPanel", "ApplicationPanel.csproj", "{B36FB6AE-451E-4512-A880-8C0B813579D5}"
EndProject
Project("{9A19103F-16F7-4668-BE54-9A1E7A4F7556}") = "Models", "..\Models\Models.csproj", "{C742A8B1-FF34-4F62-8B45-FF8F73691EA7}"
EndProject
Project("{9A19103F-16F7-4668-BE54-9A1E7A4F7556}") = "ViewModel", "..\ViewModel\ViewModel.csproj", "{21C23FEA-9839-4480-96AF-9DBD242FE961}"
EndProject
Project("{9A19103F-16F7-4668-BE54-9A1E7A4F7556}") = "Tests", "..\Tests\Tests.csproj", "{96B068EE-3F41-4B76-9D3D-FD57F548C70E}"
EndProject
Global
	GlobalSection(SolutionConfigurationPlatforms) = preSolution
		Debug|Any CPU = Debug|Any CPU
		Release|Any CPU = Release|Any CPU
	EndGlobalSection
	GlobalSection(ProjectConfigurationPlatforms) = postSolution
		{B36FB6AE-451E-4512-A880-8C0B813579D5}.Debug|Any CPU.ActiveCfg = Debug|Any CPU
		{B36FB6AE-451E-4512-A880-8C0B813579D5}.Debug|Any CPU.Build.0 = Debug|Any CPU
		{B36FB6AE-451E-4512-A880-8C0B813579D5}.Release|Any CPU.ActiveCfg = Release|Any CPU
		{B36FB6AE-451E-4512-A880-8C0B813579D5}.Release|Any CPU.Build.0 = Release|Any CPU
		{C742A8B1-FF34-4F62-8B45-FF8F73691EA7}.Debug|Any CPU.ActiveCfg = Debug|Any CPU
		{C742A8B1-FF34-4F62-8B45-FF8F73691EA7}.Debug|Any CPU.Build.0 = Debug|Any CPU
		{C742A8B1-FF34-4F62-8B45-FF8F73691EA7}.Release|Any CPU.ActiveCfg = Release|Any CPU
		{C742A8B1-FF34-4F62-8B45-FF8F73691EA7}.Release|Any CPU.Build.0 = Release|Any CPU
		{21C23FEA-9839-4480-96AF-9DBD242FE961}.Debug|Any CPU.ActiveCfg = Debug|Any CPU
		{21C23FEA-9839-4480-96AF-9DBD242FE961}.Debug|Any CPU.Build.0 = Debug|Any CPU
		{21C23FEA-9839-4480-96AF-9DBD242FE961}.Release|Any CPU.ActiveCfg = Release|Any CPU
		{21C23FEA-9839-4480-96AF-9DBD242FE961}.Release|Any CPU.Build.0 = Release|Any CPU
		{96B068EE-3F41-4B76-9D3D-FD57F548C70E}.Debug|Any CPU.ActiveCfg = Debug|Any CPU
		{96B068EE-3F41-4B76-9D3D-FD57F548C70E}.Debug|Any CPU.Build.0 = Debug|Any CPU
		{96B068EE-3F41-4B76-9D3D-FD57F548C70E}.Release|Any CPU.ActiveCfg = Release|Any CPU
		{96B068EE-3F41-4B76-9D3D-FD57F548C70E}.Release|Any CPU.Build.0 = Release|Any CPU
	EndGlobalSection
	GlobalSection(SolutionProperties) = preSolution
		HideSolutionNode = FALSE
	EndGlobalSection
	GlobalSection(ExtensibilityGlobals) = postSolution
		SolutionGuid = {4E29BBCE-1A0A-483A-A6D8-2FDBDE01E418}
	EndGlobalSection
EndGlobal
